// !$*UTF8*$!
{
	archiveVersion = 1;
	classes = {
	};
	objectVersion = 55;
	objects = {

/* Begin PBXBuildFile section */
		A512F04F29A412C100AE62EA /* SearchBarContainerView.xib in Resources */ = {isa = PBXBuildFile; fileRef = A512F04E29A412C100AE62EA /* SearchBarContainerView.xib */; };
		A512F05129A4148600AE62EA /* WeatherViewController.swift in Sources */ = {isa = PBXBuildFile; fileRef = A512F05029A4148600AE62EA /* WeatherViewController.swift */; };
		A512F05329A4413A00AE62EA /* AppDelegate.swift in Sources */ = {isa = PBXBuildFile; fileRef = A512F05229A4413A00AE62EA /* AppDelegate.swift */; };
		A512F05529A4419D00AE62EA /* SceneDelegate.swift in Sources */ = {isa = PBXBuildFile; fileRef = A512F05429A4419C00AE62EA /* SceneDelegate.swift */; };
		A512F05829A44F3500AE62EA /* WeatherView.swift in Sources */ = {isa = PBXBuildFile; fileRef = A512F05729A44F3500AE62EA /* WeatherView.swift */; };
		A512F05A29A451F000AE62EA /* WeatherViewModel.swift in Sources */ = {isa = PBXBuildFile; fileRef = A512F05929A451F000AE62EA /* WeatherViewModel.swift */; };
		A51E332C29A52D5D00B9123B /* LaunchScreen.storyboard in Resources */ = {isa = PBXBuildFile; fileRef = A51E332B29A52D5D00B9123B /* LaunchScreen.storyboard */; };
		A51E333029A5415600B9123B /* LiveWeatherService.swift in Sources */ = {isa = PBXBuildFile; fileRef = A51E332F29A5415600B9123B /* LiveWeatherService.swift */; };
		A51E333229A565D500B9123B /* NetworkService.swift in Sources */ = {isa = PBXBuildFile; fileRef = A51E333129A565D500B9123B /* NetworkService.swift */; };
		A54A5D2329A51407009D4E15 /* Weather.swift in Sources */ = {isa = PBXBuildFile; fileRef = A54A5D2229A51407009D4E15 /* Weather.swift */; };
		FE0E08F1299B1E6C00EFD79B /* HistoryProvider.swift in Sources */ = {isa = PBXBuildFile; fileRef = FE0E08F0299B1E6C00EFD79B /* HistoryProvider.swift */; };
		FE226D492997B6A800BF4095 /* Location.swift in Sources */ = {isa = PBXBuildFile; fileRef = FE226D482997B6A800BF4095 /* Location.swift */; };
		FE2C28412997733400128C14 /* SearchBarContainerView.swift in Sources */ = {isa = PBXBuildFile; fileRef = FE2C28402997733400128C14 /* SearchBarContainerView.swift */; };
		FE69B55E299A37B10088A1C2 /* Reachability.swift in Sources */ = {isa = PBXBuildFile; fileRef = FE69B55D299A37B00088A1C2 /* Reachability.swift */; };
		FE69B564299A4D4D0088A1C2 /* SingleWeather.json in Resources */ = {isa = PBXBuildFile; fileRef = FE69B563299A4D4D0088A1C2 /* SingleWeather.json */; };
		FE69B567299A528E0088A1C2 /* MockNetworkHelper.swift in Sources */ = {isa = PBXBuildFile; fileRef = FE69B566299A528E0088A1C2 /* MockNetworkHelper.swift */; };
		FE69B569299A52BE0088A1C2 /* MokeWeatherViewModel.swift in Sources */ = {isa = PBXBuildFile; fileRef = FE69B568299A52BE0088A1C2 /* MokeWeatherViewModel.swift */; };
		FE8323AF299B52F8000037B5 /* README.md in Resources */ = {isa = PBXBuildFile; fileRef = FE8323AE299B52F7000037B5 /* README.md */; };
		FE84D8EC2995408A00758E35 /* AppObserver.swift in Sources */ = {isa = PBXBuildFile; fileRef = FE84D8EB2995408A00758E35 /* AppObserver.swift */; };
		FE84D8EE299540AB00758E35 /* Constants.swift in Sources */ = {isa = PBXBuildFile; fileRef = FE84D8ED299540AB00758E35 /* Constants.swift */; };
		FE84D8F62995419700758E35 /* Other.swift in Sources */ = {isa = PBXBuildFile; fileRef = FE84D8F12995419600758E35 /* Other.swift */; };
		FE84D8F72995419700758E35 /* ImageViewExtension.swift in Sources */ = {isa = PBXBuildFile; fileRef = FE84D8F22995419600758E35 /* ImageViewExtension.swift */; };
		FE84D8FA2995419700758E35 /* UIView+Loading.swift in Sources */ = {isa = PBXBuildFile; fileRef = FE84D8F52995419700758E35 /* UIView+Loading.swift */; };
		FE84D8FD2995431B00758E35 /* NoDataView.swift in Sources */ = {isa = PBXBuildFile; fileRef = FE84D8FC2995431B00758E35 /* NoDataView.swift */; };
		FE84D8FF2995435C00758E35 /* NoDataView.xib in Resources */ = {isa = PBXBuildFile; fileRef = FE84D8FE2995435C00758E35 /* NoDataView.xib */; };
		FEA410032994B38A000E7237 /* Assets.xcassets in Resources */ = {isa = PBXBuildFile; fileRef = FEA410022994B38A000E7237 /* Assets.xcassets */; };
		FEA410112994B38B000E7237 /* JFWeatherAppTests.swift in Sources */ = {isa = PBXBuildFile; fileRef = FEA410102994B38B000E7237 /* JFWeatherAppTests.swift */; };
		FEA4101B2994B38B000E7237 /* JFWeatherAppUITests.swift in Sources */ = {isa = PBXBuildFile; fileRef = FEA4101A2994B38B000E7237 /* JFWeatherAppUITests.swift */; };
		FEA4101D2994B38B000E7237 /* JFWeatherAppUITestsLaunchTests.swift in Sources */ = {isa = PBXBuildFile; fileRef = FEA4101C2994B38B000E7237 /* JFWeatherAppUITestsLaunchTests.swift */; };
		FEA4103A2994B4EA000E7237 /* WeatherView.storyboard in Resources */ = {isa = PBXBuildFile; fileRef = FEA410382994B4EA000E7237 /* WeatherView.storyboard */; };
/* End PBXBuildFile section */

/* Begin PBXContainerItemProxy section */
		FEA4100D2994B38B000E7237 /* PBXContainerItemProxy */ = {
			isa = PBXContainerItemProxy;
			containerPortal = FEA40FEE2994B386000E7237 /* Project object */;
			proxyType = 1;
			remoteGlobalIDString = FEA40FF52994B386000E7237;
			remoteInfo = AUWeatherApp;
		};
		FEA410172994B38B000E7237 /* PBXContainerItemProxy */ = {
			isa = PBXContainerItemProxy;
			containerPortal = FEA40FEE2994B386000E7237 /* Project object */;
			proxyType = 1;
			remoteGlobalIDString = FEA40FF52994B386000E7237;
			remoteInfo = AUWeatherApp;
		};
/* End PBXContainerItemProxy section */

/* Begin PBXFileReference section */
		A512F04E29A412C100AE62EA /* SearchBarContainerView.xib */ = {isa = PBXFileReference; fileEncoding = 4; lastKnownFileType = file.xib; path = SearchBarContainerView.xib; sourceTree = "<group>"; };
		A512F05029A4148600AE62EA /* WeatherViewController.swift */ = {isa = PBXFileReference; lastKnownFileType = sourcecode.swift; path = WeatherViewController.swift; sourceTree = "<group>"; };
		A512F05229A4413A00AE62EA /* AppDelegate.swift */ = {isa = PBXFileReference; lastKnownFileType = sourcecode.swift; path = AppDelegate.swift; sourceTree = "<group>"; };
		A512F05429A4419C00AE62EA /* SceneDelegate.swift */ = {isa = PBXFileReference; lastKnownFileType = sourcecode.swift; path = SceneDelegate.swift; sourceTree = "<group>"; };
		A512F05729A44F3500AE62EA /* WeatherView.swift */ = {isa = PBXFileReference; lastKnownFileType = sourcecode.swift; path = WeatherView.swift; sourceTree = "<group>"; };
		A512F05929A451F000AE62EA /* WeatherViewModel.swift */ = {isa = PBXFileReference; lastKnownFileType = sourcecode.swift; path = WeatherViewModel.swift; sourceTree = "<group>"; };
		A51E332B29A52D5D00B9123B /* LaunchScreen.storyboard */ = {isa = PBXFileReference; fileEncoding = 4; lastKnownFileType = file.storyboard; path = LaunchScreen.storyboard; sourceTree = "<group>"; };
		A51E332F29A5415600B9123B /* LiveWeatherService.swift */ = {isa = PBXFileReference; lastKnownFileType = sourcecode.swift; path = LiveWeatherService.swift; sourceTree = "<group>"; };
		A51E333129A565D500B9123B /* NetworkService.swift */ = {isa = PBXFileReference; lastKnownFileType = sourcecode.swift; path = NetworkService.swift; sourceTree = "<group>"; };
		A54A5D2229A51407009D4E15 /* Weather.swift */ = {isa = PBXFileReference; lastKnownFileType = sourcecode.swift; path = Weather.swift; sourceTree = "<group>"; };
		FE0E08F0299B1E6C00EFD79B /* HistoryProvider.swift */ = {isa = PBXFileReference; lastKnownFileType = sourcecode.swift; path = HistoryProvider.swift; sourceTree = "<group>"; };
		FE226D482997B6A800BF4095 /* Location.swift */ = {isa = PBXFileReference; lastKnownFileType = sourcecode.swift; path = Location.swift; sourceTree = "<group>"; };
		FE2C28402997733400128C14 /* SearchBarContainerView.swift */ = {isa = PBXFileReference; lastKnownFileType = sourcecode.swift; path = SearchBarContainerView.swift; sourceTree = "<group>"; };
		FE69B55D299A37B00088A1C2 /* Reachability.swift */ = {isa = PBXFileReference; lastKnownFileType = sourcecode.swift; path = Reachability.swift; sourceTree = "<group>"; };
		FE69B563299A4D4D0088A1C2 /* SingleWeather.json */ = {isa = PBXFileReference; fileEncoding = 4; lastKnownFileType = text.json; path = SingleWeather.json; sourceTree = "<group>"; };
		FE69B566299A528E0088A1C2 /* MockNetworkHelper.swift */ = {isa = PBXFileReference; fileEncoding = 4; lastKnownFileType = sourcecode.swift; path = MockNetworkHelper.swift; sourceTree = "<group>"; };
		FE69B568299A52BE0088A1C2 /* MokeWeatherViewModel.swift */ = {isa = PBXFileReference; lastKnownFileType = sourcecode.swift; path = MokeWeatherViewModel.swift; sourceTree = "<group>"; };
		FE8323AE299B52F7000037B5 /* README.md */ = {isa = PBXFileReference; fileEncoding = 4; lastKnownFileType = net.daringfireball.markdown; path = README.md; sourceTree = "<group>"; };
		FE84D8EB2995408A00758E35 /* AppObserver.swift */ = {isa = PBXFileReference; lastKnownFileType = sourcecode.swift; path = AppObserver.swift; sourceTree = "<group>"; };
		FE84D8ED299540AB00758E35 /* Constants.swift */ = {isa = PBXFileReference; lastKnownFileType = sourcecode.swift; path = Constants.swift; sourceTree = "<group>"; };
		FE84D8F12995419600758E35 /* Other.swift */ = {isa = PBXFileReference; fileEncoding = 4; lastKnownFileType = sourcecode.swift; path = Other.swift; sourceTree = "<group>"; };
		FE84D8F22995419600758E35 /* ImageViewExtension.swift */ = {isa = PBXFileReference; fileEncoding = 4; lastKnownFileType = sourcecode.swift; path = ImageViewExtension.swift; sourceTree = "<group>"; };
		FE84D8F52995419700758E35 /* UIView+Loading.swift */ = {isa = PBXFileReference; fileEncoding = 4; lastKnownFileType = sourcecode.swift; path = "UIView+Loading.swift"; sourceTree = "<group>"; };
		FE84D8FC2995431B00758E35 /* NoDataView.swift */ = {isa = PBXFileReference; lastKnownFileType = sourcecode.swift; path = NoDataView.swift; sourceTree = "<group>"; };
		FE84D8FE2995435C00758E35 /* NoDataView.xib */ = {isa = PBXFileReference; lastKnownFileType = file.xib; path = NoDataView.xib; sourceTree = "<group>"; };
		FEA40FF62994B386000E7237 /* JFWeatherApp.app */ = {isa = PBXFileReference; explicitFileType = wrapper.application; includeInIndex = 0; path = JFWeatherApp.app; sourceTree = BUILT_PRODUCTS_DIR; };
		FEA410022994B38A000E7237 /* Assets.xcassets */ = {isa = PBXFileReference; lastKnownFileType = folder.assetcatalog; path = Assets.xcassets; sourceTree = "<group>"; };
		FEA410072994B38A000E7237 /* Info.plist */ = {isa = PBXFileReference; lastKnownFileType = text.plist.xml; path = Info.plist; sourceTree = "<group>"; };
		FEA4100C2994B38B000E7237 /* JFWeatherAppTests.xctest */ = {isa = PBXFileReference; explicitFileType = wrapper.cfbundle; includeInIndex = 0; path = JFWeatherAppTests.xctest; sourceTree = BUILT_PRODUCTS_DIR; };
		FEA410102994B38B000E7237 /* JFWeatherAppTests.swift */ = {isa = PBXFileReference; lastKnownFileType = sourcecode.swift; path = JFWeatherAppTests.swift; sourceTree = "<group>"; };
		FEA410162994B38B000E7237 /* JFWeatherAppUITests.xctest */ = {isa = PBXFileReference; explicitFileType = wrapper.cfbundle; includeInIndex = 0; path = JFWeatherAppUITests.xctest; sourceTree = BUILT_PRODUCTS_DIR; };
		FEA4101A2994B38B000E7237 /* JFWeatherAppUITests.swift */ = {isa = PBXFileReference; lastKnownFileType = sourcecode.swift; path = JFWeatherAppUITests.swift; sourceTree = "<group>"; };
		FEA4101C2994B38B000E7237 /* JFWeatherAppUITestsLaunchTests.swift */ = {isa = PBXFileReference; lastKnownFileType = sourcecode.swift; path = JFWeatherAppUITestsLaunchTests.swift; sourceTree = "<group>"; };
		FEA410382994B4EA000E7237 /* WeatherView.storyboard */ = {isa = PBXFileReference; fileEncoding = 4; lastKnownFileType = file.storyboard; path = WeatherView.storyboard; sourceTree = "<group>"; };
/* End PBXFileReference section */

/* Begin PBXFrameworksBuildPhase section */
		FEA40FF32994B386000E7237 /* Frameworks */ = {
			isa = PBXFrameworksBuildPhase;
			buildActionMask = 2147483647;
			files = (
			);
			runOnlyForDeploymentPostprocessing = 0;
		};
		FEA410092994B38B000E7237 /* Frameworks */ = {
			isa = PBXFrameworksBuildPhase;
			buildActionMask = 2147483647;
			files = (
			);
			runOnlyForDeploymentPostprocessing = 0;
		};
		FEA410132994B38B000E7237 /* Frameworks */ = {
			isa = PBXFrameworksBuildPhase;
			buildActionMask = 2147483647;
			files = (
			);
			runOnlyForDeploymentPostprocessing = 0;
		};
/* End PBXFrameworksBuildPhase section */

/* Begin PBXGroup section */
		A512F05629A444DE00AE62EA /* Fixtures */ = {
			isa = PBXGroup;
			children = (
				FE69B563299A4D4D0088A1C2 /* SingleWeather.json */,
			);
			path = Fixtures;
			sourceTree = "<group>";
		};
		A5B1283929A40F52000C7DFC /* Base */ = {
			isa = PBXGroup;
			children = (
				A512F05229A4413A00AE62EA /* AppDelegate.swift */,
				A512F05429A4419C00AE62EA /* SceneDelegate.swift */,
			);
			path = Base;
			sourceTree = "<group>";
		};
		A5B1283A29A40F8E000C7DFC /* Resources */ = {
			isa = PBXGroup;
			children = (
				FEA410022994B38A000E7237 /* Assets.xcassets */,
				FE84D8ED299540AB00758E35 /* Constants.swift */,
			);
			path = Resources;
			sourceTree = "<group>";
		};
		A5B1283F29A41221000C7DFC /* ViewController */ = {
			isa = PBXGroup;
			children = (
				A512F05029A4148600AE62EA /* WeatherViewController.swift */,
			);
			path = ViewController;
			sourceTree = "<group>";
		};
		FE69B565299A528E0088A1C2 /* Mock */ = {
			isa = PBXGroup;
			children = (
				FE69B566299A528E0088A1C2 /* MockNetworkHelper.swift */,
				FE69B568299A52BE0088A1C2 /* MokeWeatherViewModel.swift */,
			);
			path = Mock;
			sourceTree = "<group>";
		};
		FE84D8E72995402E00758E35 /* Utilities */ = {
			isa = PBXGroup;
			children = (
				FE84D8F52995419700758E35 /* UIView+Loading.swift */,
				FE84D8F22995419600758E35 /* ImageViewExtension.swift */,
				FE84D8F12995419600758E35 /* Other.swift */,
				FE69B55D299A37B00088A1C2 /* Reachability.swift */,
			);
			path = Utilities;
			sourceTree = "<group>";
		};
		FE84D8E92995404F00758E35 /* Observer */ = {
			isa = PBXGroup;
			children = (
				FE84D8EB2995408A00758E35 /* AppObserver.swift */,
			);
			path = Observer;
			sourceTree = "<group>";
		};
		FE84D8FB299542C000758E35 /* EmptyStateView */ = {
			isa = PBXGroup;
			children = (
				FE84D8FC2995431B00758E35 /* NoDataView.swift */,
				FE84D8FE2995435C00758E35 /* NoDataView.xib */,
			);
			path = EmptyStateView;
			sourceTree = "<group>";
		};
		FEA40FED2994B386000E7237 = {
			isa = PBXGroup;
			children = (
				FE8323AE299B52F7000037B5 /* README.md */,
				FEA40FF82994B386000E7237 /* JFWeatherApp */,
				FEA4100F2994B38B000E7237 /* JFWeatherAppTests */,
				FEA410192994B38B000E7237 /* JFWeatherAppUITests */,
				FEA40FF72994B386000E7237 /* Products */,
			);
			sourceTree = "<group>";
		};
		FEA40FF72994B386000E7237 /* Products */ = {
			isa = PBXGroup;
			children = (
				FEA40FF62994B386000E7237 /* JFWeatherApp.app */,
				FEA4100C2994B38B000E7237 /* JFWeatherAppTests.xctest */,
				FEA410162994B38B000E7237 /* JFWeatherAppUITests.xctest */,
			);
			name = Products;
			sourceTree = "<group>";
		};
		FEA40FF82994B386000E7237 /* JFWeatherApp */ = {
			isa = PBXGroup;
			children = (
				FEA410072994B38A000E7237 /* Info.plist */,
				A5B1283929A40F52000C7DFC /* Base */,
				FEA4102A2994B3AE000E7237 /* Helper */,
				FEA410302994B404000E7237 /* Model */,
				FEA4102B2994B3C3000E7237 /* Networking */,
				A5B1283A29A40F8E000C7DFC /* Resources */,
				FEA4102E2994B3E5000E7237 /* View */,
				A5B1283F29A41221000C7DFC /* ViewController */,
				FEA410312994B40C000E7237 /* ViewModel */,
			);
			path = JFWeatherApp;
			sourceTree = "<group>";
		};
		FEA4100F2994B38B000E7237 /* JFWeatherAppTests */ = {
			isa = PBXGroup;
			children = (
				FE69B565299A528E0088A1C2 /* Mock */,
				FEA410102994B38B000E7237 /* JFWeatherAppTests.swift */,
			);
			path = JFWeatherAppTests;
			sourceTree = "<group>";
		};
		FEA410192994B38B000E7237 /* JFWeatherAppUITests */ = {
			isa = PBXGroup;
			children = (
				FEA4101A2994B38B000E7237 /* JFWeatherAppUITests.swift */,
				FEA4101C2994B38B000E7237 /* JFWeatherAppUITestsLaunchTests.swift */,
			);
			path = JFWeatherAppUITests;
			sourceTree = "<group>";
		};
		FEA4102A2994B3AE000E7237 /* Helper */ = {
			isa = PBXGroup;
			children = (
				A512F05629A444DE00AE62EA /* Fixtures */,
				FE84D8E92995404F00758E35 /* Observer */,
				FE84D8E72995402E00758E35 /* Utilities */,
			);
			path = Helper;
			sourceTree = "<group>";
		};
		FEA4102B2994B3C3000E7237 /* Networking */ = {
			isa = PBXGroup;
			children = (
				FE0E08F0299B1E6C00EFD79B /* HistoryProvider.swift */,
				A51E332F29A5415600B9123B /* LiveWeatherService.swift */,
				A51E333129A565D500B9123B /* NetworkService.swift */,
			);
			path = Networking;
			sourceTree = "<group>";
		};
		FEA4102E2994B3E5000E7237 /* View */ = {
			isa = PBXGroup;
			children = (
				A51E332B29A52D5D00B9123B /* LaunchScreen.storyboard */,
				FE84D8FB299542C000758E35 /* EmptyStateView */,
				FEA410362994B4EA000E7237 /* WeatherView */,
				FEA410332994B42D000E7237 /* SearchBarContainerView */,
			);
			path = View;
			sourceTree = "<group>";
		};
		FEA410302994B404000E7237 /* Model */ = {
			isa = PBXGroup;
			children = (
				FE226D482997B6A800BF4095 /* Location.swift */,
				A54A5D2229A51407009D4E15 /* Weather.swift */,
			);
			path = Model;
			sourceTree = "<group>";
		};
		FEA410312994B40C000E7237 /* ViewModel */ = {
			isa = PBXGroup;
			children = (
				A512F05929A451F000AE62EA /* WeatherViewModel.swift */,
			);
			path = ViewModel;
			sourceTree = "<group>";
		};
		FEA410332994B42D000E7237 /* SearchBarContainerView */ = {
			isa = PBXGroup;
			children = (
				A512F04E29A412C100AE62EA /* SearchBarContainerView.xib */,
				FE2C28402997733400128C14 /* SearchBarContainerView.swift */,
			);
			path = SearchBarContainerView;
			sourceTree = "<group>";
		};
		FEA410362994B4EA000E7237 /* WeatherView */ = {
			isa = PBXGroup;
			children = (
				FEA410382994B4EA000E7237 /* WeatherView.storyboard */,
				A512F05729A44F3500AE62EA /* WeatherView.swift */,
			);
			path = WeatherView;
			sourceTree = "<group>";
		};
/* End PBXGroup section */

/* Begin PBXNativeTarget section */
		FEA40FF52994B386000E7237 /* JFWeatherApp */ = {
			isa = PBXNativeTarget;
			buildConfigurationList = FEA410202994B38B000E7237 /* Build configuration list for PBXNativeTarget "JFWeatherApp" */;
			buildPhases = (
				FEA40FF22994B386000E7237 /* Sources */,
				FEA40FF32994B386000E7237 /* Frameworks */,
				FEA40FF42994B386000E7237 /* Resources */,
			);
			buildRules = (
			);
			dependencies = (
			);
			name = JFWeatherApp;
			productName = AUWeatherApp;
			productReference = FEA40FF62994B386000E7237 /* JFWeatherApp.app */;
			productType = "com.apple.product-type.application";
		};
		FEA4100B2994B38B000E7237 /* JFWeatherAppTests */ = {
			isa = PBXNativeTarget;
			buildConfigurationList = FEA410232994B38B000E7237 /* Build configuration list for PBXNativeTarget "JFWeatherAppTests" */;
			buildPhases = (
				FEA410082994B38B000E7237 /* Sources */,
				FEA410092994B38B000E7237 /* Frameworks */,
				FEA4100A2994B38B000E7237 /* Resources */,
			);
			buildRules = (
			);
			dependencies = (
				FEA4100E2994B38B000E7237 /* PBXTargetDependency */,
			);
			name = JFWeatherAppTests;
			productName = AUWeatherAppTests;
			productReference = FEA4100C2994B38B000E7237 /* JFWeatherAppTests.xctest */;
			productType = "com.apple.product-type.bundle.unit-test";
		};
		FEA410152994B38B000E7237 /* JFWeatherAppUITests */ = {
			isa = PBXNativeTarget;
			buildConfigurationList = FEA410262994B38B000E7237 /* Build configuration list for PBXNativeTarget "JFWeatherAppUITests" */;
			buildPhases = (
				FEA410122994B38B000E7237 /* Sources */,
				FEA410132994B38B000E7237 /* Frameworks */,
				FEA410142994B38B000E7237 /* Resources */,
			);
			buildRules = (
			);
			dependencies = (
				FEA410182994B38B000E7237 /* PBXTargetDependency */,
			);
			name = JFWeatherAppUITests;
			productName = AUWeatherAppUITests;
			productReference = FEA410162994B38B000E7237 /* JFWeatherAppUITests.xctest */;
			productType = "com.apple.product-type.bundle.ui-testing";
		};
/* End PBXNativeTarget section */

/* Begin PBXProject section */
		FEA40FEE2994B386000E7237 /* Project object */ = {
			isa = PBXProject;
			attributes = {
				BuildIndependentTargetsInParallel = 1;
				LastSwiftUpdateCheck = 1320;
				LastUpgradeCheck = 1320;
				TargetAttributes = {
					FEA40FF52994B386000E7237 = {
						CreatedOnToolsVersion = 13.2.1;
					};
					FEA4100B2994B38B000E7237 = {
						CreatedOnToolsVersion = 13.2.1;
						TestTargetID = FEA40FF52994B386000E7237;
					};
					FEA410152994B38B000E7237 = {
						CreatedOnToolsVersion = 13.2.1;
						TestTargetID = FEA40FF52994B386000E7237;
					};
				};
			};
			buildConfigurationList = FEA40FF12994B386000E7237 /* Build configuration list for PBXProject "JFWeatherApp" */;
			compatibilityVersion = "Xcode 13.0";
			developmentRegion = en;
			hasScannedForEncodings = 0;
			knownRegions = (
				en,
				Base,
			);
			mainGroup = FEA40FED2994B386000E7237;
			productRefGroup = FEA40FF72994B386000E7237 /* Products */;
			projectDirPath = "";
			projectRoot = "";
			targets = (
				FEA40FF52994B386000E7237 /* JFWeatherApp */,
				FEA4100B2994B38B000E7237 /* JFWeatherAppTests */,
				FEA410152994B38B000E7237 /* JFWeatherAppUITests */,
			);
		};
/* End PBXProject section */

/* Begin PBXResourcesBuildPhase section */
		FEA40FF42994B386000E7237 /* Resources */ = {
			isa = PBXResourcesBuildPhase;
			buildActionMask = 2147483647;
			files = (
				A512F04F29A412C100AE62EA /* SearchBarContainerView.xib in Resources */,
				A51E332C29A52D5D00B9123B /* LaunchScreen.storyboard in Resources */,
				FEA4103A2994B4EA000E7237 /* WeatherView.storyboard in Resources */,
				FE69B564299A4D4D0088A1C2 /* SingleWeather.json in Resources */,
				FE84D8FF2995435C00758E35 /* NoDataView.xib in Resources */,
				FE8323AF299B52F8000037B5 /* README.md in Resources */,
				FEA410032994B38A000E7237 /* Assets.xcassets in Resources */,
			);
			runOnlyForDeploymentPostprocessing = 0;
		};
		FEA4100A2994B38B000E7237 /* Resources */ = {
			isa = PBXResourcesBuildPhase;
			buildActionMask = 2147483647;
			files = (
			);
			runOnlyForDeploymentPostprocessing = 0;
		};
		FEA410142994B38B000E7237 /* Resources */ = {
			isa = PBXResourcesBuildPhase;
			buildActionMask = 2147483647;
			files = (
			);
			runOnlyForDeploymentPostprocessing = 0;
		};
/* End PBXResourcesBuildPhase section */

/* Begin PBXSourcesBuildPhase section */
		FEA40FF22994B386000E7237 /* Sources */ = {
			isa = PBXSourcesBuildPhase;
			buildActionMask = 2147483647;
			files = (
				FE84D8EC2995408A00758E35 /* AppObserver.swift in Sources */,
				FE84D8EE299540AB00758E35 /* Constants.swift in Sources */,
				FE69B55E299A37B10088A1C2 /* Reachability.swift in Sources */,
				FE226D492997B6A800BF4095 /* Location.swift in Sources */,
				FE84D8F62995419700758E35 /* Other.swift in Sources */,
				FE84D8FA2995419700758E35 /* UIView+Loading.swift in Sources */,
				FE0E08F1299B1E6C00EFD79B /* HistoryProvider.swift in Sources */,
				A512F05829A44F3500AE62EA /* WeatherView.swift in Sources */,
				A512F05329A4413A00AE62EA /* AppDelegate.swift in Sources */,
				FE2C28412997733400128C14 /* SearchBarContainerView.swift in Sources */,
				FE84D8FD2995431B00758E35 /* NoDataView.swift in Sources */,
				A54A5D2329A51407009D4E15 /* Weather.swift in Sources */,
				A512F05129A4148600AE62EA /* WeatherViewController.swift in Sources */,
				A512F05529A4419D00AE62EA /* SceneDelegate.swift in Sources */,
				A51E333229A565D500B9123B /* NetworkService.swift in Sources */,
				A512F05A29A451F000AE62EA /* WeatherViewModel.swift in Sources */,
				A51E333029A5415600B9123B /* LiveWeatherService.swift in Sources */,
				FE84D8F72995419700758E35 /* ImageViewExtension.swift in Sources */,
			);
			runOnlyForDeploymentPostprocessing = 0;
		};
		FEA410082994B38B000E7237 /* Sources */ = {
			isa = PBXSourcesBuildPhase;
			buildActionMask = 2147483647;
			files = (
				FE69B567299A528E0088A1C2 /* MockNetworkHelper.swift in Sources */,
				FEA410112994B38B000E7237 /* JFWeatherAppTests.swift in Sources */,
				FE69B569299A52BE0088A1C2 /* MokeWeatherViewModel.swift in Sources */,
			);
			runOnlyForDeploymentPostprocessing = 0;
		};
		FEA410122994B38B000E7237 /* Sources */ = {
			isa = PBXSourcesBuildPhase;
			buildActionMask = 2147483647;
			files = (
				FEA4101B2994B38B000E7237 /* JFWeatherAppUITests.swift in Sources */,
				FEA4101D2994B38B000E7237 /* JFWeatherAppUITestsLaunchTests.swift in Sources */,
			);
			runOnlyForDeploymentPostprocessing = 0;
		};
/* End PBXSourcesBuildPhase section */

/* Begin PBXTargetDependency section */
		FEA4100E2994B38B000E7237 /* PBXTargetDependency */ = {
			isa = PBXTargetDependency;
			target = FEA40FF52994B386000E7237 /* JFWeatherApp */;
			targetProxy = FEA4100D2994B38B000E7237 /* PBXContainerItemProxy */;
		};
		FEA410182994B38B000E7237 /* PBXTargetDependency */ = {
			isa = PBXTargetDependency;
			target = FEA40FF52994B386000E7237 /* JFWeatherApp */;
			targetProxy = FEA410172994B38B000E7237 /* PBXContainerItemProxy */;
		};
/* End PBXTargetDependency section */

/* Begin XCBuildConfiguration section */
		FEA4101E2994B38B000E7237 /* Debug */ = {
			isa = XCBuildConfiguration;
			buildSettings = {
				ALWAYS_SEARCH_USER_PATHS = NO;
				CLANG_ANALYZER_NONNULL = YES;
				CLANG_ANALYZER_NUMBER_OBJECT_CONVERSION = YES_AGGRESSIVE;
				CLANG_CXX_LANGUAGE_STANDARD = "gnu++17";
				CLANG_CXX_LIBRARY = "libc++";
				CLANG_ENABLE_MODULES = YES;
				CLANG_ENABLE_OBJC_ARC = YES;
				CLANG_ENABLE_OBJC_WEAK = YES;
				CLANG_WARN_BLOCK_CAPTURE_AUTORELEASING = YES;
				CLANG_WARN_BOOL_CONVERSION = YES;
				CLANG_WARN_COMMA = YES;
				CLANG_WARN_CONSTANT_CONVERSION = YES;
				CLANG_WARN_DEPRECATED_OBJC_IMPLEMENTATIONS = YES;
				CLANG_WARN_DIRECT_OBJC_ISA_USAGE = YES_ERROR;
				CLANG_WARN_DOCUMENTATION_COMMENTS = YES;
				CLANG_WARN_EMPTY_BODY = YES;
				CLANG_WARN_ENUM_CONVERSION = YES;
				CLANG_WARN_INFINITE_RECURSION = YES;
				CLANG_WARN_INT_CONVERSION = YES;
				CLANG_WARN_NON_LITERAL_NULL_CONVERSION = YES;
				CLANG_WARN_OBJC_IMPLICIT_RETAIN_SELF = YES;
				CLANG_WARN_OBJC_LITERAL_CONVERSION = YES;
				CLANG_WARN_OBJC_ROOT_CLASS = YES_ERROR;
				CLANG_WARN_QUOTED_INCLUDE_IN_FRAMEWORK_HEADER = YES;
				CLANG_WARN_RANGE_LOOP_ANALYSIS = YES;
				CLANG_WARN_STRICT_PROTOTYPES = YES;
				CLANG_WARN_SUSPICIOUS_MOVE = YES;
				CLANG_WARN_UNGUARDED_AVAILABILITY = YES_AGGRESSIVE;
				CLANG_WARN_UNREACHABLE_CODE = YES;
				CLANG_WARN__DUPLICATE_METHOD_MATCH = YES;
				COPY_PHASE_STRIP = NO;
				DEBUG_INFORMATION_FORMAT = dwarf;
				ENABLE_STRICT_OBJC_MSGSEND = YES;
				ENABLE_TESTABILITY = YES;
				GCC_C_LANGUAGE_STANDARD = gnu11;
				GCC_DYNAMIC_NO_PIC = NO;
				GCC_NO_COMMON_BLOCKS = YES;
				GCC_OPTIMIZATION_LEVEL = 0;
				GCC_PREPROCESSOR_DEFINITIONS = (
					"DEBUG=1",
					"$(inherited)",
				);
				GCC_WARN_64_TO_32_BIT_CONVERSION = YES;
				GCC_WARN_ABOUT_RETURN_TYPE = YES_ERROR;
				GCC_WARN_UNDECLARED_SELECTOR = YES;
				GCC_WARN_UNINITIALIZED_AUTOS = YES_AGGRESSIVE;
				GCC_WARN_UNUSED_FUNCTION = YES;
				GCC_WARN_UNUSED_VARIABLE = YES;
				IPHONEOS_DEPLOYMENT_TARGET = 15.2;
				MTL_ENABLE_DEBUG_INFO = INCLUDE_SOURCE;
				MTL_FAST_MATH = YES;
				ONLY_ACTIVE_ARCH = YES;
				SDKROOT = iphoneos;
				SWIFT_ACTIVE_COMPILATION_CONDITIONS = DEBUG;
				SWIFT_OPTIMIZATION_LEVEL = "-Onone";
			};
			name = Debug;
		};
		FEA4101F2994B38B000E7237 /* Release */ = {
			isa = XCBuildConfiguration;
			buildSettings = {
				ALWAYS_SEARCH_USER_PATHS = NO;
				CLANG_ANALYZER_NONNULL = YES;
				CLANG_ANALYZER_NUMBER_OBJECT_CONVERSION = YES_AGGRESSIVE;
				CLANG_CXX_LANGUAGE_STANDARD = "gnu++17";
				CLANG_CXX_LIBRARY = "libc++";
				CLANG_ENABLE_MODULES = YES;
				CLANG_ENABLE_OBJC_ARC = YES;
				CLANG_ENABLE_OBJC_WEAK = YES;
				CLANG_WARN_BLOCK_CAPTURE_AUTORELEASING = YES;
				CLANG_WARN_BOOL_CONVERSION = YES;
				CLANG_WARN_COMMA = YES;
				CLANG_WARN_CONSTANT_CONVERSION = YES;
				CLANG_WARN_DEPRECATED_OBJC_IMPLEMENTATIONS = YES;
				CLANG_WARN_DIRECT_OBJC_ISA_USAGE = YES_ERROR;
				CLANG_WARN_DOCUMENTATION_COMMENTS = YES;
				CLANG_WARN_EMPTY_BODY = YES;
				CLANG_WARN_ENUM_CONVERSION = YES;
				CLANG_WARN_INFINITE_RECURSION = YES;
				CLANG_WARN_INT_CONVERSION = YES;
				CLANG_WARN_NON_LITERAL_NULL_CONVERSION = YES;
				CLANG_WARN_OBJC_IMPLICIT_RETAIN_SELF = YES;
				CLANG_WARN_OBJC_LITERAL_CONVERSION = YES;
				CLANG_WARN_OBJC_ROOT_CLASS = YES_ERROR;
				CLANG_WARN_QUOTED_INCLUDE_IN_FRAMEWORK_HEADER = YES;
				CLANG_WARN_RANGE_LOOP_ANALYSIS = YES;
				CLANG_WARN_STRICT_PROTOTYPES = YES;
				CLANG_WARN_SUSPICIOUS_MOVE = YES;
				CLANG_WARN_UNGUARDED_AVAILABILITY = YES_AGGRESSIVE;
				CLANG_WARN_UNREACHABLE_CODE = YES;
				CLANG_WARN__DUPLICATE_METHOD_MATCH = YES;
				COPY_PHASE_STRIP = NO;
				DEBUG_INFORMATION_FORMAT = "dwarf-with-dsym";
				ENABLE_NS_ASSERTIONS = NO;
				ENABLE_STRICT_OBJC_MSGSEND = YES;
				GCC_C_LANGUAGE_STANDARD = gnu11;
				GCC_NO_COMMON_BLOCKS = YES;
				GCC_WARN_64_TO_32_BIT_CONVERSION = YES;
				GCC_WARN_ABOUT_RETURN_TYPE = YES_ERROR;
				GCC_WARN_UNDECLARED_SELECTOR = YES;
				GCC_WARN_UNINITIALIZED_AUTOS = YES_AGGRESSIVE;
				GCC_WARN_UNUSED_FUNCTION = YES;
				GCC_WARN_UNUSED_VARIABLE = YES;
				IPHONEOS_DEPLOYMENT_TARGET = 15.2;
				MTL_ENABLE_DEBUG_INFO = NO;
				MTL_FAST_MATH = YES;
				SDKROOT = iphoneos;
				SWIFT_COMPILATION_MODE = wholemodule;
				SWIFT_OPTIMIZATION_LEVEL = "-O";
				VALIDATE_PRODUCT = YES;
			};
			name = Release;
		};
		FEA410212994B38B000E7237 /* Debug */ = {
			isa = XCBuildConfiguration;
			buildSettings = {
				ASSETCATALOG_COMPILER_APPICON_NAME = AppIcon;
				ASSETCATALOG_COMPILER_GLOBAL_ACCENT_COLOR_NAME = AccentColor;
				CODE_SIGN_STYLE = Automatic;
				CURRENT_PROJECT_VERSION = 1;
				DEVELOPMENT_TEAM = TC6Y6GF2PT;
				GENERATE_INFOPLIST_FILE = YES;
				INFOPLIST_FILE = JFWeatherApp/Info.plist;
				INFOPLIST_KEY_CFBundleDisplayName = Weather;
				INFOPLIST_KEY_NSLocationWhenInUseUsageDescription = "Weather App requires Location access to Display weather at your Location";
				INFOPLIST_KEY_UIApplicationSupportsIndirectInputEvents = YES;
				INFOPLIST_KEY_UILaunchStoryboardName = LaunchScreen.storyboard;
				INFOPLIST_KEY_UIRequiresFullScreen = YES;
				INFOPLIST_KEY_UISupportedInterfaceOrientations = "UIInterfaceOrientationPortrait UIInterfaceOrientationLandscapeLeft";
				INFOPLIST_KEY_UISupportedInterfaceOrientations_iPad = "UIInterfaceOrientationPortrait UIInterfaceOrientationPortraitUpsideDown UIInterfaceOrientationLandscapeLeft UIInterfaceOrientationLandscapeRight";
				INFOPLIST_KEY_UISupportedInterfaceOrientations_iPhone = "UIInterfaceOrientationPortrait UIInterfaceOrientationLandscapeLeft UIInterfaceOrientationLandscapeRight";
				LD_RUNPATH_SEARCH_PATHS = (
					"$(inherited)",
					"@executable_path/Frameworks",
				);
				MARKETING_VERSION = 1.0;
				PRODUCT_BUNDLE_IDENTIFIER = com.Jingfu.ios.JFWeatherApp;
				PRODUCT_NAME = "$(TARGET_NAME)";
				SWIFT_EMIT_LOC_STRINGS = YES;
				SWIFT_VERSION = 5.0;
				TARGETED_DEVICE_FAMILY = "1,2";
				WEATHER_API_KEY = 579ca2cb78c7464b12c279a722775c58;
				WEATHER_BASE_URL = "https://api.openweathermap.org/data/2.5/";
			};
			name = Debug;
		};
		FEA410222994B38B000E7237 /* Release */ = {
			isa = XCBuildConfiguration;
			buildSettings = {
				ASSETCATALOG_COMPILER_APPICON_NAME = AppIcon;
				ASSETCATALOG_COMPILER_GLOBAL_ACCENT_COLOR_NAME = AccentColor;
				CODE_SIGN_STYLE = Automatic;
				CURRENT_PROJECT_VERSION = 1;
				DEVELOPMENT_TEAM = TC6Y6GF2PT;
				GENERATE_INFOPLIST_FILE = YES;
				INFOPLIST_FILE = JFWeatherApp/Info.plist;
				INFOPLIST_KEY_CFBundleDisplayName = Weather;
				INFOPLIST_KEY_NSLocationWhenInUseUsageDescription = "Weather App requires Location access to Display weather at your Location";
				INFOPLIST_KEY_UIApplicationSupportsIndirectInputEvents = YES;
				INFOPLIST_KEY_UILaunchStoryboardName = LaunchScreen.storyboard;
				INFOPLIST_KEY_UIRequiresFullScreen = YES;
				INFOPLIST_KEY_UISupportedInterfaceOrientations = "UIInterfaceOrientationPortrait UIInterfaceOrientationLandscapeLeft";
				INFOPLIST_KEY_UISupportedInterfaceOrientations_iPad = "UIInterfaceOrientationPortrait UIInterfaceOrientationPortraitUpsideDown UIInterfaceOrientationLandscapeLeft UIInterfaceOrientationLandscapeRight";
				INFOPLIST_KEY_UISupportedInterfaceOrientations_iPhone = "UIInterfaceOrientationPortrait UIInterfaceOrientationLandscapeLeft UIInterfaceOrientationLandscapeRight";
				LD_RUNPATH_SEARCH_PATHS = (
					"$(inherited)",
					"@executable_path/Frameworks",
				);
				MARKETING_VERSION = 1.0;
				PRODUCT_BUNDLE_IDENTIFIER = com.Jingfu.ios.JFWeatherApp;
				PRODUCT_NAME = "$(TARGET_NAME)";
				SWIFT_EMIT_LOC_STRINGS = YES;
				SWIFT_VERSION = 5.0;
				TARGETED_DEVICE_FAMILY = "1,2";
				WEATHER_API_KEY = 579ca2cb78c7464b12c279a722775c58;
				WEATHER_BASE_URL = "https://api.openweathermap.org/data/2.5/";
			};
			name = Release;
		};
		FEA410242994B38B000E7237 /* Debug */ = {
			isa = XCBuildConfiguration;
			buildSettings = {
				ALWAYS_EMBED_SWIFT_STANDARD_LIBRARIES = YES;
				BUNDLE_LOADER = "$(TEST_HOST)";
				CODE_SIGN_STYLE = Automatic;
				CURRENT_PROJECT_VERSION = 1;
				DEVELOPMENT_TEAM = TC6Y6GF2PT;
				GENERATE_INFOPLIST_FILE = YES;
				IPHONEOS_DEPLOYMENT_TARGET = 15.2;
				MARKETING_VERSION = 1.0;
				PRODUCT_BUNDLE_IDENTIFIER = com.Jingfu.ios.JFWeatherAppTests;
				PRODUCT_NAME = "$(TARGET_NAME)";
				SWIFT_EMIT_LOC_STRINGS = NO;
				SWIFT_VERSION = 5.0;
				TARGETED_DEVICE_FAMILY = "1,2";
				TEST_HOST = "$(BUILT_PRODUCTS_DIR)/JFWeatherApp.app/JFWeatherApp";
			};
			name = Debug;
		};
		FEA410252994B38B000E7237 /* Release */ = {
			isa = XCBuildConfiguration;
			buildSettings = {
				ALWAYS_EMBED_SWIFT_STANDARD_LIBRARIES = YES;
				BUNDLE_LOADER = "$(TEST_HOST)";
				CODE_SIGN_STYLE = Automatic;
				CURRENT_PROJECT_VERSION = 1;
				DEVELOPMENT_TEAM = TC6Y6GF2PT;
				GENERATE_INFOPLIST_FILE = YES;
				IPHONEOS_DEPLOYMENT_TARGET = 15.2;
				MARKETING_VERSION = 1.0;
				PRODUCT_BUNDLE_IDENTIFIER = com.Jingfu.ios.JFWeatherAppTests;
				PRODUCT_NAME = "$(TARGET_NAME)";
				SWIFT_EMIT_LOC_STRINGS = NO;
				SWIFT_VERSION = 5.0;
				TARGETED_DEVICE_FAMILY = "1,2";
				TEST_HOST = "$(BUILT_PRODUCTS_DIR)/JFWeatherApp.app/JFWeatherApp";
			};
			name = Release;
		};
		FEA410272994B38B000E7237 /* Debug */ = {
			isa = XCBuildConfiguration;
			buildSettings = {
				ALWAYS_EMBED_SWIFT_STANDARD_LIBRARIES = YES;
				CODE_SIGN_STYLE = Automatic;
				CURRENT_PROJECT_VERSION = 1;
				DEVELOPMENT_TEAM = TC6Y6GF2PT;
				GENERATE_INFOPLIST_FILE = YES;
				MARKETING_VERSION = 1.0;
				PRODUCT_BUNDLE_IDENTIFIER = com.Jingfu.ios.JFWeatherAppTests;
				PRODUCT_NAME = "$(TARGET_NAME)";
				SWIFT_EMIT_LOC_STRINGS = NO;
				SWIFT_VERSION = 5.0;
				TARGETED_DEVICE_FAMILY = "1,2";
				TEST_TARGET_NAME = JFWeatherApp;
			};
			name = Debug;
		};
		FEA410282994B38B000E7237 /* Release */ = {
			isa = XCBuildConfiguration;
			buildSettings = {
				ALWAYS_EMBED_SWIFT_STANDARD_LIBRARIES = YES;
				CODE_SIGN_STYLE = Automatic;
				CURRENT_PROJECT_VERSION = 1;
				DEVELOPMENT_TEAM = TC6Y6GF2PT;
				GENERATE_INFOPLIST_FILE = YES;
				MARKETING_VERSION = 1.0;
				PRODUCT_BUNDLE_IDENTIFIER = com.Jingfu.ios.JFWeatherAppTests;
				PRODUCT_NAME = "$(TARGET_NAME)";
				SWIFT_EMIT_LOC_STRINGS = NO;
				SWIFT_VERSION = 5.0;
				TARGETED_DEVICE_FAMILY = "1,2";
				TEST_TARGET_NAME = JFWeatherApp;
			};
			name = Release;
		};
/* End XCBuildConfiguration section */

/* Begin XCConfigurationList section */
		FEA40FF12994B386000E7237 /* Build configuration list for PBXProject "JFWeatherApp" */ = {
			isa = XCConfigurationList;
			buildConfigurations = (
				FEA4101E2994B38B000E7237 /* Debug */,
				FEA4101F2994B38B000E7237 /* Release */,
			);
			defaultConfigurationIsVisible = 0;
			defaultConfigurationName = Release;
		};
		FEA410202994B38B000E7237 /* Build configuration list for PBXNativeTarget "JFWeatherApp" */ = {
			isa = XCConfigurationList;
			buildConfigurations = (
				FEA410212994B38B000E7237 /* Debug */,
				FEA410222994B38B000E7237 /* Release */,
			);
			defaultConfigurationIsVisible = 0;
			defaultConfigurationName = Release;
		};
		FEA410232994B38B000E7237 /* Build configuration list for PBXNativeTarget "JFWeatherAppTests" */ = {
			isa = XCConfigurationList;
			buildConfigurations = (
				FEA410242994B38B000E7237 /* Debug */,
				FEA410252994B38B000E7237 /* Release */,
			);
			defaultConfigurationIsVisible = 0;
			defaultConfigurationName = Release;
		};
		FEA410262994B38B000E7237 /* Build configuration list for PBXNativeTarget "JFWeatherAppUITests" */ = {
			isa = XCConfigurationList;
			buildConfigurations = (
				FEA410272994B38B000E7237 /* Debug */,
				FEA410282994B38B000E7237 /* Release */,
			);
			defaultConfigurationIsVisible = 0;
			defaultConfigurationName = Release;
		};
/* End XCConfigurationList section */
	};
	rootObject = FEA40FEE2994B386000E7237 /* Project object */;
}
